{
  "name": "tindeerr-contract-tools",
  "lockfileVersion": 3,
  "requires": true,
  "packages": {
    "": {
      "name": "tindeerr-contract-tools",
      "license": "MIT",
      "devDependencies": {
        "@redocly/cli": "2.54.1"
      }
    },
    "node_modules/@redocly/cli": {
      "version": "2.54.1",
      "resolved": "https://registry.npmjs.org/@redocly/cli/-/cli-2.54.1.tgz",
      "integrity": "sha512-h/NWWGDWW6VKgFaTHuWLoTZrHO6cy/Qbe2syM/MsYjdSg2pVADLXBRMnueTYwh3RbiND2T7hdw8J9v6gEc7dSQ==",
      "dev": true,
      "license": "MIT",
      "bin": {
        "openapi": "bin/cli.js",
        "redocly": "bin/cli.js"
      },
      "engines": {
        "node": ">=22.12.0 || >=20.19.0 <21.0.0",
        "npm": ">=10"
      }
    }
  }
}
